
Microsoft Visual Studio Solution File, Format Version 12.00
# Visual Studio Version 16
VisualStudioVersion = 16.0.29905.134
MinimumVisualStudioVersion = 10.0.40219.1
Project("{FAE04EC0-301F-11D3-BF4B-00C04F79EFBC}") = "AprenderGit", "AprenderGit\AprenderGit.csproj", "{40DFB56F-C57B-4694-8960-8013C04D58F1}"
EndProject
Global
	GlobalSection(SolutionConfigurationPlatforms) = preSolution
		Debug|Any CPU = Debug|Any CPU
		Release|Any CPU = Release|Any CPU
	EndGlobalSection
	GlobalSection(ProjectConfigurationPlatforms) = postSolution
		{40DFB56F-C57B-4694-8960-8013C04D58F1}.Debug|Any CPU.ActiveCfg = Debug|Any CPU
		{40DFB56F-C57B-4694-8960-8013C04D58F1}.Debug|Any CPU.Build.0 = Debug|Any CPU
		{40DFB56F-C57B-4694-8960-8013C04D58F1}.Release|Any CPU.ActiveCfg = Release|Any CPU
		{40DFB56F-C57B-4694-8960-8013C04D58F1}.Release|Any CPU.Build.0 = Release|Any CPU
	EndGlobalSection
	GlobalSection(SolutionProperties) = preSolution
		HideSolutionNode = FALSE
	EndGlobalSection
	GlobalSection(ExtensibilityGlobals) = postSolution
		SolutionGuid = {6393D167-6E68-46D7-9048-6A7CA44E5683}
	EndGlobalSection
EndGlobal
